// !$*UTF8*$!
{
	archiveVersion = 1;
	classes = {
	};
	objectVersion = 46;
	objects = {

/* Begin PBXBuildFile section */
		B545A7421C8FF869006065B4 /* OverviewRatingCell.xib in Resources */ = {isa = PBXBuildFile; fileRef = B545A7411C8FF869006065B4 /* OverviewRatingCell.xib */; };
		B545A7461C8FFFA2006065B4 /* OverviewReviewCell.xib in Resources */ = {isa = PBXBuildFile; fileRef = B545A7451C8FFFA2006065B4 /* OverviewReviewCell.xib */; };
		B545A74A1C900CBF006065B4 /* OverviewEnrolledCell.xib in Resources */ = {isa = PBXBuildFile; fileRef = B545A7491C900CBF006065B4 /* OverviewEnrolledCell.xib */; };
		B545A74C1C9010D1006065B4 /* OverviewLocationCell.xib in Resources */ = {isa = PBXBuildFile; fileRef = B545A74B1C9010D1006065B4 /* OverviewLocationCell.xib */; };
		B545A74E1C901384006065B4 /* OverviewBeforeCell.xib in Resources */ = {isa = PBXBuildFile; fileRef = B545A74D1C901384006065B4 /* OverviewBeforeCell.xib */; };
		B545A7501C901402006065B4 /* OverviewAfterCell.xib in Resources */ = {isa = PBXBuildFile; fileRef = B545A74F1C901402006065B4 /* OverviewAfterCell.xib */; };
		B545A7531C901547006065B4 /* StatsDetailsCell.xib in Resources */ = {isa = PBXBuildFile; fileRef = B545A7521C901547006065B4 /* StatsDetailsCell.xib */; };
		B545A7561C901982006065B4 /* ReviewCell.xib in Resources */ = {isa = PBXBuildFile; fileRef = B545A7551C901982006065B4 /* ReviewCell.xib */; };
		B545A7581C901F63006065B4 /* OverviewCell.swift in Sources */ = {isa = PBXBuildFile; fileRef = B545A7571C901F63006065B4 /* OverviewCell.swift */; };
		B584CB251C8E6C7C0087A26A /* MapView.swift in Sources */ = {isa = PBXBuildFile; fileRef = B584CB241C8E6C7C0087A26A /* MapView.swift */; };
		B584CB271C8EC15A0087A26A /* SchoolInfoView.xib in Resources */ = {isa = PBXBuildFile; fileRef = B584CB261C8EC15A0087A26A /* SchoolInfoView.xib */; };
		B584CB291C8EC2A40087A26A /* SchoolInfoView.swift in Sources */ = {isa = PBXBuildFile; fileRef = B584CB281C8EC2A40087A26A /* SchoolInfoView.swift */; };
		B5873C5E1C904E89004A9224 /* OverView.swift in Sources */ = {isa = PBXBuildFile; fileRef = B5873C5D1C904E89004A9224 /* OverView.swift */; };
		B5873C601C906A8A004A9224 /* ReviewCell.swift in Sources */ = {isa = PBXBuildFile; fileRef = B5873C5F1C906A8A004A9224 /* ReviewCell.swift */; };
		B5873C621C906E61004A9224 /* Review.swift in Sources */ = {isa = PBXBuildFile; fileRef = B5873C611C906E61004A9224 /* Review.swift */; };
		B5D7A36B1C8D515D0092636F /* SchoolInfoCell.xib in Resources */ = {isa = PBXBuildFile; fileRef = B5D7A36A1C8D515D0092636F /* SchoolInfoCell.xib */; };
		B5D7A36D1C8D53C20092636F /* Stars.xib in Resources */ = {isa = PBXBuildFile; fileRef = B5D7A36C1C8D53C20092636F /* Stars.xib */; };
		B5D7A36F1C8D57340092636F /* Stars.swift in Sources */ = {isa = PBXBuildFile; fileRef = B5D7A36E1C8D57340092636F /* Stars.swift */; };
		B5D7A3711C8D6AB40092636F /* Search.swift in Sources */ = {isa = PBXBuildFile; fileRef = B5D7A3701C8D6AB40092636F /* Search.swift */; };
		B5D7A3731C8D6EF30092636F /* SchoolInfoCell.swift in Sources */ = {isa = PBXBuildFile; fileRef = B5D7A3721C8D6EF30092636F /* SchoolInfoCell.swift */; };
		B5D7A3751C8D86120092636F /* SchoolInfo.swift in Sources */ = {isa = PBXBuildFile; fileRef = B5D7A3741C8D86120092636F /* SchoolInfo.swift */; };
		BB64C731E3E46684679EDD28 /* Pods.framework in Frameworks */ = {isa = PBXBuildFile; fileRef = E026157D431E85F27D397280 /* Pods.framework */; };
		E903456B1C8D26C700542F55 /* AppDelegate.swift in Sources */ = {isa = PBXBuildFile; fileRef = E903456A1C8D26C700542F55 /* AppDelegate.swift */; };
		E90345701C8D26C700542F55 /* Home.storyboard in Resources */ = {isa = PBXBuildFile; fileRef = E903456E1C8D26C700542F55 /* Home.storyboard */; };
		E90345721C8D26C700542F55 /* Assets.xcassets in Resources */ = {isa = PBXBuildFile; fileRef = E90345711C8D26C700542F55 /* Assets.xcassets */; };
		E90345751C8D26C700542F55 /* LaunchScreen.storyboard in Resources */ = {isa = PBXBuildFile; fileRef = E90345731C8D26C700542F55 /* LaunchScreen.storyboard */; };
		E903457E1C8D27FB00542F55 /* AppDelegate+Appearance.swift in Sources */ = {isa = PBXBuildFile; fileRef = E903457D1C8D27FB00542F55 /* AppDelegate+Appearance.swift */; };
		E90345811C8D283500542F55 /* TabBarController.swift in Sources */ = {isa = PBXBuildFile; fileRef = E90345801C8D283500542F55 /* TabBarController.swift */; };
		E90345861C8D28CC00542F55 /* Widgets.swift in Sources */ = {isa = PBXBuildFile; fileRef = E90345851C8D28CC00542F55 /* Widgets.swift */; };
		E90345881C8D2A7900542F55 /* AppDelegate+UI.swift in Sources */ = {isa = PBXBuildFile; fileRef = E90345871C8D2A7900542F55 /* AppDelegate+UI.swift */; };
		E903458A1C8D2BB800542F55 /* Extensions.swift in Sources */ = {isa = PBXBuildFile; fileRef = E90345891C8D2BB800542F55 /* Extensions.swift */; };
		E903458E1C8D2C4300542F55 /* Greatschools-Define.swift in Sources */ = {isa = PBXBuildFile; fileRef = E903458D1C8D2C4300542F55 /* Greatschools-Define.swift */; };
		E90345961C8D2FBE00542F55 /* NearBy.storyboard in Resources */ = {isa = PBXBuildFile; fileRef = E90345951C8D2FBE00542F55 /* NearBy.storyboard */; };
		E90345981C8D2FCD00542F55 /* Search.storyboard in Resources */ = {isa = PBXBuildFile; fileRef = E90345971C8D2FCD00542F55 /* Search.storyboard */; };
		E903459A1C8D2FDB00542F55 /* MySchools.storyboard in Resources */ = {isa = PBXBuildFile; fileRef = E90345991C8D2FDB00542F55 /* MySchools.storyboard */; };
		E903459C1C8D2FE800542F55 /* GreatKids.storyboard in Resources */ = {isa = PBXBuildFile; fileRef = E903459B1C8D2FE800542F55 /* GreatKids.storyboard */; };
		E920742C1C8E6D3F0029611A /* PickSchool.swift in Sources */ = {isa = PBXBuildFile; fileRef = E920742B1C8E6D3F0029611A /* PickSchool.swift */; };
		E920742E1C8E758D0029611A /* CartoonButton.xib in Resources */ = {isa = PBXBuildFile; fileRef = E920742D1C8E758D0029611A /* CartoonButton.xib */; };
		E92074301C8E8D730029611A /* ViewController.swift in Sources */ = {isa = PBXBuildFile; fileRef = E920742F1C8E8D730029611A /* ViewController.swift */; };
		E92074321C8E933E0029611A /* PickSchoolHeader.xib in Resources */ = {isa = PBXBuildFile; fileRef = E92074311C8E933E0029611A /* PickSchoolHeader.xib */; };
		E92074341C8E93FA0029611A /* PickSchoolHeader.swift in Sources */ = {isa = PBXBuildFile; fileRef = E92074331C8E93FA0029611A /* PickSchoolHeader.swift */; };
		E92074361C8E995F0029611A /* MileStone.xib in Resources */ = {isa = PBXBuildFile; fileRef = E92074351C8E995F0029611A /* MileStone.xib */; };
		E92074381C8EA2C10029611A /* MileStoneCell.xib in Resources */ = {isa = PBXBuildFile; fileRef = E92074371C8EA2C10029611A /* MileStoneCell.xib */; };
		E920743A1C8EA2E40029611A /* MileStoneCell.swift in Sources */ = {isa = PBXBuildFile; fileRef = E92074391C8EA2E40029611A /* MileStoneCell.swift */; };
		E920743C1C8EA77F0029611A /* AppCell.swift in Sources */ = {isa = PBXBuildFile; fileRef = E920743B1C8EA77F0029611A /* AppCell.swift */; };
		E920743E1C8EA78E0029611A /* AppCell.xib in Resources */ = {isa = PBXBuildFile; fileRef = E920743D1C8EA78E0029611A /* AppCell.xib */; };
		E92074401C8EA96A0029611A /* AppInfo.swift in Sources */ = {isa = PBXBuildFile; fileRef = E920743F1C8EA96A0029611A /* AppInfo.swift */; };
		E92074421C8EB03B0029611A /* ss-standard.ttf in Resources */ = {isa = PBXBuildFile; fileRef = E92074411C8EB03B0029611A /* ss-standard.ttf */; };
		E92074441C8EB27C0029611A /* SimpleCell.swift in Sources */ = {isa = PBXBuildFile; fileRef = E92074431C8EB27C0029611A /* SimpleCell.swift */; };
		E92074461C8EB29A0029611A /* SimpleCell.xib in Resources */ = {isa = PBXBuildFile; fileRef = E92074451C8EB29A0029611A /* SimpleCell.xib */; };
		E92074481C8EB8990029611A /* CardScrollView.xib in Resources */ = {isa = PBXBuildFile; fileRef = E92074471C8EB8990029611A /* CardScrollView.xib */; };
		E920744A1C8EBCFD0029611A /* CardCell.swift in Sources */ = {isa = PBXBuildFile; fileRef = E92074491C8EBCFD0029611A /* CardCell.swift */; };
		E920744C1C8EBD1E0029611A /* CardCell.xib in Resources */ = {isa = PBXBuildFile; fileRef = E920744B1C8EBD1E0029611A /* CardCell.xib */; };
		E92074511C8ED1F90029611A /* UIView+Appearance.m in Sources */ = {isa = PBXBuildFile; fileRef = E92074501C8ED1F90029611A /* UIView+Appearance.m */; };
		E9483D7A1C8D41AE002656B8 /* ProximaNova-Bold.otf in Resources */ = {isa = PBXBuildFile; fileRef = E90345911C8D2D0500542F55 /* ProximaNova-Bold.otf */; };
		E9483D7B1C8D41AE002656B8 /* ProximaNova-Light.otf in Resources */ = {isa = PBXBuildFile; fileRef = E90345921C8D2D0500542F55 /* ProximaNova-Light.otf */; };
		E9483D7C1C8D41AE002656B8 /* ProximaNova-Regular.otf in Resources */ = {isa = PBXBuildFile; fileRef = E90345931C8D2D0500542F55 /* ProximaNova-Regular.otf */; };
		E9483D7D1C8D41AE002656B8 /* ProximaNova-Semibold.otf in Resources */ = {isa = PBXBuildFile; fileRef = E90345941C8D2D0500542F55 /* ProximaNova-Semibold.otf */; };
		E94DB2A01C8D59D70030F431 /* NearBy.swift in Sources */ = {isa = PBXBuildFile; fileRef = E94DB29F1C8D59D70030F431 /* NearBy.swift */; };
		E94DB2A61C8D85A20030F431 /* Article.xib in Resources */ = {isa = PBXBuildFile; fileRef = E94DB2A51C8D85A20030F431 /* Article.xib */; };
		E977A7331C910FAA00F8AB75 /* TestScoreCell.xib in Resources */ = {isa = PBXBuildFile; fileRef = E977A7321C910FAA00F8AB75 /* TestScoreCell.xib */; };
		E977A7351C91124B00F8AB75 /* PercentView.xib in Resources */ = {isa = PBXBuildFile; fileRef = E977A7341C91124B00F8AB75 /* PercentView.xib */; };
		E977A7371C911FB300F8AB75 /* TestScoreCell.swift in Sources */ = {isa = PBXBuildFile; fileRef = E977A7361C911FB300F8AB75 /* TestScoreCell.swift */; };
		E977A7391C9121E600F8AB75 /* DescriptionCell.xib in Resources */ = {isa = PBXBuildFile; fileRef = E977A7381C9121E600F8AB75 /* DescriptionCell.xib */; };
		E977A73B1C9122F900F8AB75 /* DescriptionCell.swift in Sources */ = {isa = PBXBuildFile; fileRef = E977A73A1C9122F900F8AB75 /* DescriptionCell.swift */; };
		E977A73D1C913A7F00F8AB75 /* Card.xib in Resources */ = {isa = PBXBuildFile; fileRef = E977A73C1C913A7F00F8AB75 /* Card.xib */; };
		E977A73F1C913B3700F8AB75 /* CardWithButton.xib in Resources */ = {isa = PBXBuildFile; fileRef = E977A73E1C913B3700F8AB75 /* CardWithButton.xib */; };
		E977A7411C9145D100F8AB75 /* HomesCell.xib in Resources */ = {isa = PBXBuildFile; fileRef = E977A7401C9145D100F8AB75 /* HomesCell.xib */; };
		E977A7431C91460900F8AB75 /* HomesCell.swift in Sources */ = {isa = PBXBuildFile; fileRef = E977A7421C91460900F8AB75 /* HomesCell.swift */; };
		E98991ED1C90599E00763BBB /* StatsDetailsCell.swift in Sources */ = {isa = PBXBuildFile; fileRef = E98991EC1C90599E00763BBB /* StatsDetailsCell.swift */; };
		E98C33841C8EFD4100BE349F /* SearchView.xib in Resources */ = {isa = PBXBuildFile; fileRef = E98C33831C8EFD4100BE349F /* SearchView.xib */; };
		E9BAB0671C90122E00E9CB29 /* SchoolDetails.swift in Sources */ = {isa = PBXBuildFile; fileRef = E9BAB0661C90122E00E9CB29 /* SchoolDetails.swift */; };
		E9BAB0691C901D1600E9CB29 /* DetailHeader.xib in Resources */ = {isa = PBXBuildFile; fileRef = E9BAB0681C901D1600E9CB29 /* DetailHeader.xib */; };
		E9BAB06B1C90243500E9CB29 /* CustomSegment.xib in Resources */ = {isa = PBXBuildFile; fileRef = E9BAB06A1C90243500E9CB29 /* CustomSegment.xib */; };
/* End PBXBuildFile section */

/* Begin PBXFileReference section */
		A6DF5E269111C9550B6A452F /* Pods.release.xcconfig */ = {isa = PBXFileReference; includeInIndex = 1; lastKnownFileType = text.xcconfig; name = Pods.release.xcconfig; path = "Pods/Target Support Files/Pods/Pods.release.xcconfig"; sourceTree = "<group>"; };
		B545A7411C8FF869006065B4 /* OverviewRatingCell.xib */ = {isa = PBXFileReference; fileEncoding = 4; lastKnownFileType = file.xib; path = OverviewRatingCell.xib; sourceTree = "<group>"; };
		B545A7451C8FFFA2006065B4 /* OverviewReviewCell.xib */ = {isa = PBXFileReference; fileEncoding = 4; lastKnownFileType = file.xib; path = OverviewReviewCell.xib; sourceTree = "<group>"; };
		B545A7491C900CBF006065B4 /* OverviewEnrolledCell.xib */ = {isa = PBXFileReference; fileEncoding = 4; lastKnownFileType = file.xib; path = OverviewEnrolledCell.xib; sourceTree = "<group>"; };
		B545A74B1C9010D1006065B4 /* OverviewLocationCell.xib */ = {isa = PBXFileReference; fileEncoding = 4; lastKnownFileType = file.xib; path = OverviewLocationCell.xib; sourceTree = "<group>"; };
		B545A74D1C901384006065B4 /* OverviewBeforeCell.xib */ = {isa = PBXFileReference; fileEncoding = 4; lastKnownFileType = file.xib; path = OverviewBeforeCell.xib; sourceTree = "<group>"; };
		B545A74F1C901402006065B4 /* OverviewAfterCell.xib */ = {isa = PBXFileReference; fileEncoding = 4; lastKnownFileType = file.xib; path = OverviewAfterCell.xib; sourceTree = "<group>"; };
		B545A7521C901547006065B4 /* StatsDetailsCell.xib */ = {isa = PBXFileReference; fileEncoding = 4; lastKnownFileType = file.xib; path = StatsDetailsCell.xib; sourceTree = "<group>"; };
		B545A7551C901982006065B4 /* ReviewCell.xib */ = {isa = PBXFileReference; fileEncoding = 4; lastKnownFileType = file.xib; path = ReviewCell.xib; sourceTree = "<group>"; };
		B545A7571C901F63006065B4 /* OverviewCell.swift */ = {isa = PBXFileReference; fileEncoding = 4; lastKnownFileType = sourcecode.swift; path = OverviewCell.swift; sourceTree = "<group>"; };
		B584CB241C8E6C7C0087A26A /* MapView.swift */ = {isa = PBXFileReference; fileEncoding = 4; lastKnownFileType = sourcecode.swift; path = MapView.swift; sourceTree = "<group>"; };
		B584CB261C8EC15A0087A26A /* SchoolInfoView.xib */ = {isa = PBXFileReference; fileEncoding = 4; lastKnownFileType = file.xib; path = SchoolInfoView.xib; sourceTree = "<group>"; };
		B584CB281C8EC2A40087A26A /* SchoolInfoView.swift */ = {isa = PBXFileReference; fileEncoding = 4; lastKnownFileType = sourcecode.swift; path = SchoolInfoView.swift; sourceTree = "<group>"; };
		B5873C5D1C904E89004A9224 /* OverView.swift */ = {isa = PBXFileReference; fileEncoding = 4; lastKnownFileType = sourcecode.swift; path = OverView.swift; sourceTree = "<group>"; };
		B5873C5F1C906A8A004A9224 /* ReviewCell.swift */ = {isa = PBXFileReference; fileEncoding = 4; lastKnownFileType = sourcecode.swift; path = ReviewCell.swift; sourceTree = "<group>"; };
		B5873C611C906E61004A9224 /* Review.swift */ = {isa = PBXFileReference; fileEncoding = 4; lastKnownFileType = sourcecode.swift; path = Review.swift; sourceTree = "<group>"; };
		B5D7A36A1C8D515D0092636F /* SchoolInfoCell.xib */ = {isa = PBXFileReference; fileEncoding = 4; lastKnownFileType = file.xib; path = SchoolInfoCell.xib; sourceTree = "<group>"; };
		B5D7A36C1C8D53C20092636F /* Stars.xib */ = {isa = PBXFileReference; fileEncoding = 4; lastKnownFileType = file.xib; path = Stars.xib; sourceTree = "<group>"; };
		B5D7A36E1C8D57340092636F /* Stars.swift */ = {isa = PBXFileReference; fileEncoding = 4; lastKnownFileType = sourcecode.swift; path = Stars.swift; sourceTree = "<group>"; };
		B5D7A3701C8D6AB40092636F /* Search.swift */ = {isa = PBXFileReference; fileEncoding = 4; lastKnownFileType = sourcecode.swift; path = Search.swift; sourceTree = "<group>"; };
		B5D7A3721C8D6EF30092636F /* SchoolInfoCell.swift */ = {isa = PBXFileReference; fileEncoding = 4; lastKnownFileType = sourcecode.swift; path = SchoolInfoCell.swift; sourceTree = "<group>"; };
		B5D7A3741C8D86120092636F /* SchoolInfo.swift */ = {isa = PBXFileReference; fileEncoding = 4; lastKnownFileType = sourcecode.swift; path = SchoolInfo.swift; sourceTree = "<group>"; };
		CAEA027565171A5336A7BFAA /* Pods.debug.xcconfig */ = {isa = PBXFileReference; includeInIndex = 1; lastKnownFileType = text.xcconfig; name = Pods.debug.xcconfig; path = "Pods/Target Support Files/Pods/Pods.debug.xcconfig"; sourceTree = "<group>"; };
		E026157D431E85F27D397280 /* Pods.framework */ = {isa = PBXFileReference; explicitFileType = wrapper.framework; includeInIndex = 0; path = Pods.framework; sourceTree = BUILT_PRODUCTS_DIR; };
		E90345671C8D26C700542F55 /* Native.app */ = {isa = PBXFileReference; explicitFileType = wrapper.application; includeInIndex = 0; path = Native.app; sourceTree = BUILT_PRODUCTS_DIR; };
		E903456A1C8D26C700542F55 /* AppDelegate.swift */ = {isa = PBXFileReference; lastKnownFileType = sourcecode.swift; path = AppDelegate.swift; sourceTree = "<group>"; };
		E903456F1C8D26C700542F55 /* Base */ = {isa = PBXFileReference; lastKnownFileType = file.storyboard; name = Base; path = Base.lproj/Home.storyboard; sourceTree = "<group>"; };
		E90345711C8D26C700542F55 /* Assets.xcassets */ = {isa = PBXFileReference; lastKnownFileType = folder.assetcatalog; path = Assets.xcassets; sourceTree = "<group>"; };
		E90345741C8D26C700542F55 /* Base */ = {isa = PBXFileReference; lastKnownFileType = file.storyboard; name = Base; path = Base.lproj/LaunchScreen.storyboard; sourceTree = "<group>"; };
		E90345761C8D26C700542F55 /* Info.plist */ = {isa = PBXFileReference; lastKnownFileType = text.plist.xml; path = Info.plist; sourceTree = "<group>"; };
		E903457D1C8D27FB00542F55 /* AppDelegate+Appearance.swift */ = {isa = PBXFileReference; fileEncoding = 4; lastKnownFileType = sourcecode.swift; path = "AppDelegate+Appearance.swift"; sourceTree = "<group>"; };
		E90345801C8D283500542F55 /* TabBarController.swift */ = {isa = PBXFileReference; fileEncoding = 4; lastKnownFileType = sourcecode.swift; path = TabBarController.swift; sourceTree = "<group>"; };
		E90345851C8D28CC00542F55 /* Widgets.swift */ = {isa = PBXFileReference; fileEncoding = 4; lastKnownFileType = sourcecode.swift; path = Widgets.swift; sourceTree = "<group>"; };
		E90345871C8D2A7900542F55 /* AppDelegate+UI.swift */ = {isa = PBXFileReference; fileEncoding = 4; lastKnownFileType = sourcecode.swift; path = "AppDelegate+UI.swift"; sourceTree = "<group>"; };
		E90345891C8D2BB800542F55 /* Extensions.swift */ = {isa = PBXFileReference; fileEncoding = 4; lastKnownFileType = sourcecode.swift; path = Extensions.swift; sourceTree = "<group>"; };
		E903458D1C8D2C4300542F55 /* Greatschools-Define.swift */ = {isa = PBXFileReference; fileEncoding = 4; lastKnownFileType = sourcecode.swift; path = "Greatschools-Define.swift"; sourceTree = "<group>"; };
		E90345911C8D2D0500542F55 /* ProximaNova-Bold.otf */ = {isa = PBXFileReference; lastKnownFileType = file; path = "ProximaNova-Bold.otf"; sourceTree = "<group>"; };
		E90345921C8D2D0500542F55 /* ProximaNova-Light.otf */ = {isa = PBXFileReference; lastKnownFileType = file; path = "ProximaNova-Light.otf"; sourceTree = "<group>"; };
		E90345931C8D2D0500542F55 /* ProximaNova-Regular.otf */ = {isa = PBXFileReference; lastKnownFileType = file; path = "ProximaNova-Regular.otf"; sourceTree = "<group>"; };
		E90345941C8D2D0500542F55 /* ProximaNova-Semibold.otf */ = {isa = PBXFileReference; lastKnownFileType = file; path = "ProximaNova-Semibold.otf"; sourceTree = "<group>"; };
		E90345951C8D2FBE00542F55 /* NearBy.storyboard */ = {isa = PBXFileReference; fileEncoding = 4; lastKnownFileType = file.storyboard; path = NearBy.storyboard; sourceTree = "<group>"; };
		E90345971C8D2FCD00542F55 /* Search.storyboard */ = {isa = PBXFileReference; fileEncoding = 4; lastKnownFileType = file.storyboard; path = Search.storyboard; sourceTree = "<group>"; };
		E90345991C8D2FDB00542F55 /* MySchools.storyboard */ = {isa = PBXFileReference; fileEncoding = 4; lastKnownFileType = file.storyboard; path = MySchools.storyboard; sourceTree = "<group>"; };
		E903459B1C8D2FE800542F55 /* GreatKids.storyboard */ = {isa = PBXFileReference; fileEncoding = 4; lastKnownFileType = file.storyboard; path = GreatKids.storyboard; sourceTree = "<group>"; };
		E920742B1C8E6D3F0029611A /* PickSchool.swift */ = {isa = PBXFileReference; fileEncoding = 4; lastKnownFileType = sourcecode.swift; path = PickSchool.swift; sourceTree = "<group>"; };
		E920742D1C8E758D0029611A /* CartoonButton.xib */ = {isa = PBXFileReference; fileEncoding = 4; lastKnownFileType = file.xib; path = CartoonButton.xib; sourceTree = "<group>"; };
		E920742F1C8E8D730029611A /* ViewController.swift */ = {isa = PBXFileReference; fileEncoding = 4; lastKnownFileType = sourcecode.swift; path = ViewController.swift; sourceTree = "<group>"; };
		E92074311C8E933E0029611A /* PickSchoolHeader.xib */ = {isa = PBXFileReference; fileEncoding = 4; lastKnownFileType = file.xib; path = PickSchoolHeader.xib; sourceTree = "<group>"; };
		E92074331C8E93FA0029611A /* PickSchoolHeader.swift */ = {isa = PBXFileReference; fileEncoding = 4; lastKnownFileType = sourcecode.swift; path = PickSchoolHeader.swift; sourceTree = "<group>"; };
		E92074351C8E995F0029611A /* MileStone.xib */ = {isa = PBXFileReference; fileEncoding = 4; lastKnownFileType = file.xib; path = MileStone.xib; sourceTree = "<group>"; };
		E92074371C8EA2C10029611A /* MileStoneCell.xib */ = {isa = PBXFileReference; fileEncoding = 4; lastKnownFileType = file.xib; path = MileStoneCell.xib; sourceTree = "<group>"; };
		E92074391C8EA2E40029611A /* MileStoneCell.swift */ = {isa = PBXFileReference; fileEncoding = 4; lastKnownFileType = sourcecode.swift; path = MileStoneCell.swift; sourceTree = "<group>"; };
		E920743B1C8EA77F0029611A /* AppCell.swift */ = {isa = PBXFileReference; fileEncoding = 4; lastKnownFileType = sourcecode.swift; path = AppCell.swift; sourceTree = "<group>"; };
		E920743D1C8EA78E0029611A /* AppCell.xib */ = {isa = PBXFileReference; fileEncoding = 4; lastKnownFileType = file.xib; path = AppCell.xib; sourceTree = "<group>"; };
		E920743F1C8EA96A0029611A /* AppInfo.swift */ = {isa = PBXFileReference; fileEncoding = 4; lastKnownFileType = sourcecode.swift; path = AppInfo.swift; sourceTree = "<group>"; };
		E92074411C8EB03B0029611A /* ss-standard.ttf */ = {isa = PBXFileReference; lastKnownFileType = file; path = "ss-standard.ttf"; sourceTree = "<group>"; };
		E92074431C8EB27C0029611A /* SimpleCell.swift */ = {isa = PBXFileReference; fileEncoding = 4; lastKnownFileType = sourcecode.swift; path = SimpleCell.swift; sourceTree = "<group>"; };
		E92074451C8EB29A0029611A /* SimpleCell.xib */ = {isa = PBXFileReference; fileEncoding = 4; lastKnownFileType = file.xib; path = SimpleCell.xib; sourceTree = "<group>"; };
		E92074471C8EB8990029611A /* CardScrollView.xib */ = {isa = PBXFileReference; fileEncoding = 4; lastKnownFileType = file.xib; path = CardScrollView.xib; sourceTree = "<group>"; };
		E92074491C8EBCFD0029611A /* CardCell.swift */ = {isa = PBXFileReference; fileEncoding = 4; lastKnownFileType = sourcecode.swift; path = CardCell.swift; sourceTree = "<group>"; };
		E920744B1C8EBD1E0029611A /* CardCell.xib */ = {isa = PBXFileReference; fileEncoding = 4; lastKnownFileType = file.xib; path = CardCell.xib; sourceTree = "<group>"; };
		E920744E1C8ED1F90029611A /* Greatschools-Bridging-Header.h */ = {isa = PBXFileReference; lastKnownFileType = sourcecode.c.h; path = "Greatschools-Bridging-Header.h"; sourceTree = "<group>"; };
		E920744F1C8ED1F90029611A /* UIView+Appearance.h */ = {isa = PBXFileReference; fileEncoding = 4; lastKnownFileType = sourcecode.c.h; path = "UIView+Appearance.h"; sourceTree = "<group>"; };
		E92074501C8ED1F90029611A /* UIView+Appearance.m */ = {isa = PBXFileReference; fileEncoding = 4; lastKnownFileType = sourcecode.c.objc; path = "UIView+Appearance.m"; sourceTree = "<group>"; };
		E94DB29F1C8D59D70030F431 /* NearBy.swift */ = {isa = PBXFileReference; fileEncoding = 4; lastKnownFileType = sourcecode.swift; path = NearBy.swift; sourceTree = "<group>"; };
		E94DB2A51C8D85A20030F431 /* Article.xib */ = {isa = PBXFileReference; fileEncoding = 4; lastKnownFileType = file.xib; path = Article.xib; sourceTree = "<group>"; };
		E977A7321C910FAA00F8AB75 /* TestScoreCell.xib */ = {isa = PBXFileReference; fileEncoding = 4; lastKnownFileType = file.xib; path = TestScoreCell.xib; sourceTree = "<group>"; };
		E977A7341C91124B00F8AB75 /* PercentView.xib */ = {isa = PBXFileReference; fileEncoding = 4; lastKnownFileType = file.xib; path = PercentView.xib; sourceTree = "<group>"; };
		E977A7361C911FB300F8AB75 /* TestScoreCell.swift */ = {isa = PBXFileReference; fileEncoding = 4; lastKnownFileType = sourcecode.swift; path = TestScoreCell.swift; sourceTree = "<group>"; };
		E977A7381C9121E600F8AB75 /* DescriptionCell.xib */ = {isa = PBXFileReference; fileEncoding = 4; lastKnownFileType = file.xib; path = DescriptionCell.xib; sourceTree = "<group>"; };
		E977A73A1C9122F900F8AB75 /* DescriptionCell.swift */ = {isa = PBXFileReference; fileEncoding = 4; lastKnownFileType = sourcecode.swift; path = DescriptionCell.swift; sourceTree = "<group>"; };
		E977A73C1C913A7F00F8AB75 /* Card.xib */ = {isa = PBXFileReference; fileEncoding = 4; lastKnownFileType = file.xib; path = Card.xib; sourceTree = "<group>"; };
		E977A73E1C913B3700F8AB75 /* CardWithButton.xib */ = {isa = PBXFileReference; fileEncoding = 4; lastKnownFileType = file.xib; path = CardWithButton.xib; sourceTree = "<group>"; };
		E977A7401C9145D100F8AB75 /* HomesCell.xib */ = {isa = PBXFileReference; fileEncoding = 4; lastKnownFileType = file.xib; path = HomesCell.xib; sourceTree = "<group>"; };
		E977A7421C91460900F8AB75 /* HomesCell.swift */ = {isa = PBXFileReference; fileEncoding = 4; lastKnownFileType = sourcecode.swift; path = HomesCell.swift; sourceTree = "<group>"; };
		E98991EC1C90599E00763BBB /* StatsDetailsCell.swift */ = {isa = PBXFileReference; fileEncoding = 4; lastKnownFileType = sourcecode.swift; path = StatsDetailsCell.swift; sourceTree = "<group>"; };
		E98C33831C8EFD4100BE349F /* SearchView.xib */ = {isa = PBXFileReference; fileEncoding = 4; lastKnownFileType = file.xib; path = SearchView.xib; sourceTree = "<group>"; };
		E9BAB0661C90122E00E9CB29 /* SchoolDetails.swift */ = {isa = PBXFileReference; fileEncoding = 4; lastKnownFileType = sourcecode.swift; path = SchoolDetails.swift; sourceTree = "<group>"; };
		E9BAB0681C901D1600E9CB29 /* DetailHeader.xib */ = {isa = PBXFileReference; fileEncoding = 4; lastKnownFileType = file.xib; path = DetailHeader.xib; sourceTree = "<group>"; };
		E9BAB06A1C90243500E9CB29 /* CustomSegment.xib */ = {isa = PBXFileReference; fileEncoding = 4; lastKnownFileType = file.xib; path = CustomSegment.xib; sourceTree = "<group>"; };
/* End PBXFileReference section */

/* Begin PBXFrameworksBuildPhase section */
		E90345641C8D26C700542F55 /* Frameworks */ = {
			isa = PBXFrameworksBuildPhase;
			buildActionMask = 2147483647;
			files = (
				BB64C731E3E46684679EDD28 /* Pods.framework in Frameworks */,
			);
			runOnlyForDeploymentPostprocessing = 0;
		};
/* End PBXFrameworksBuildPhase section */

/* Begin PBXGroup section */
		5B5594CCF93801D6AD8639CD /* Pods */ = {
			isa = PBXGroup;
			children = (
				CAEA027565171A5336A7BFAA /* Pods.debug.xcconfig */,
				A6DF5E269111C9550B6A452F /* Pods.release.xcconfig */,
			);
			name = Pods;
			sourceTree = "<group>";
		};
		B545A7431C8FFF67006065B4 /* Details */ = {
			isa = PBXGroup;
			children = (
				B545A7541C901961006065B4 /* Review */,
				B545A7511C9014CB006065B4 /* Stats */,
				B545A7441C8FFF7C006065B4 /* OverView */,
			);
			name = Details;
			sourceTree = "<group>";
		};
		B545A7441C8FFF7C006065B4 /* OverView */ = {
			isa = PBXGroup;
			children = (
				B545A7411C8FF869006065B4 /* OverviewRatingCell.xib */,
				B545A7451C8FFFA2006065B4 /* OverviewReviewCell.xib */,
				B545A7491C900CBF006065B4 /* OverviewEnrolledCell.xib */,
				B545A74B1C9010D1006065B4 /* OverviewLocationCell.xib */,
				B545A74D1C901384006065B4 /* OverviewBeforeCell.xib */,
				B545A74F1C901402006065B4 /* OverviewAfterCell.xib */,
				B545A7571C901F63006065B4 /* OverviewCell.swift */,
				B5873C5D1C904E89004A9224 /* OverView.swift */,
			);
			name = OverView;
			sourceTree = "<group>";
		};
		B545A7511C9014CB006065B4 /* Stats */ = {
			isa = PBXGroup;
			children = (
				B545A7521C901547006065B4 /* StatsDetailsCell.xib */,
				E98991EC1C90599E00763BBB /* StatsDetailsCell.swift */,
				E977A7321C910FAA00F8AB75 /* TestScoreCell.xib */,
				E977A7361C911FB300F8AB75 /* TestScoreCell.swift */,
				E977A7381C9121E600F8AB75 /* DescriptionCell.xib */,
				E977A73A1C9122F900F8AB75 /* DescriptionCell.swift */,
				E977A7401C9145D100F8AB75 /* HomesCell.xib */,
				E977A7421C91460900F8AB75 /* HomesCell.swift */,
			);
			name = Stats;
			sourceTree = "<group>";
		};
		B545A7541C901961006065B4 /* Review */ = {
			isa = PBXGroup;
			children = (
				B545A7551C901982006065B4 /* ReviewCell.xib */,
				B5873C5F1C906A8A004A9224 /* ReviewCell.swift */,
				B5873C611C906E61004A9224 /* Review.swift */,
			);
			name = Review;
			sourceTree = "<group>";
		};
		B5D7A3691C8D512E0092636F /* View */ = {
			isa = PBXGroup;
			children = (
				B545A7431C8FFF67006065B4 /* Details */,
				B5D7A36A1C8D515D0092636F /* SchoolInfoCell.xib */,
				B5D7A3721C8D6EF30092636F /* SchoolInfoCell.swift */,
				B5D7A36C1C8D53C20092636F /* Stars.xib */,
				B5D7A36E1C8D57340092636F /* Stars.swift */,
				B584CB261C8EC15A0087A26A /* SchoolInfoView.xib */,
				B584CB281C8EC2A40087A26A /* SchoolInfoView.swift */,
				E92074311C8E933E0029611A /* PickSchoolHeader.xib */,
				E92074331C8E93FA0029611A /* PickSchoolHeader.swift */,
				E92074371C8EA2C10029611A /* MileStoneCell.xib */,
				E92074391C8EA2E40029611A /* MileStoneCell.swift */,
				E920743B1C8EA77F0029611A /* AppCell.swift */,
				E920743D1C8EA78E0029611A /* AppCell.xib */,
				E92074431C8EB27C0029611A /* SimpleCell.swift */,
				E92074451C8EB29A0029611A /* SimpleCell.xib */,
				E92074491C8EBCFD0029611A /* CardCell.swift */,
				E920744B1C8EBD1E0029611A /* CardCell.xib */,
			);
			name = View;
			sourceTree = "<group>";
		};
		D62C20BFCB8E38672A4201DA /* Frameworks */ = {
			isa = PBXGroup;
			children = (
				E026157D431E85F27D397280 /* Pods.framework */,
			);
			name = Frameworks;
			sourceTree = "<group>";
		};
		E903455E1C8D26C700542F55 = {
			isa = PBXGroup;
			children = (
				E90345691C8D26C700542F55 /* Greatschools */,
				E90345681C8D26C700542F55 /* Products */,
				5B5594CCF93801D6AD8639CD /* Pods */,
				D62C20BFCB8E38672A4201DA /* Frameworks */,
			);
			sourceTree = "<group>";
		};
		E90345681C8D26C700542F55 /* Products */ = {
			isa = PBXGroup;
			children = (
				E90345671C8D26C700542F55 /* Native.app */,
			);
			name = Products;
			sourceTree = "<group>";
		};
		E90345691C8D26C700542F55 /* Greatschools */ = {
			isa = PBXGroup;
			children = (
				E920744D1C8ED1C60029611A /* Vendor */,
				E903458B1C8D2BFC00542F55 /* Supporting Files */,
				E90345831C8D289500542F55 /* Extensions */,
				E90345821C8D288C00542F55 /* Widgets */,
				E90345841C8D28A200542F55 /* Model */,
				E903457F1C8D281800542F55 /* UI */,
				E903457C1C8D27A900542F55 /* AppDelegate */,
				E90345711C8D26C700542F55 /* Assets.xcassets */,
				E90345731C8D26C700542F55 /* LaunchScreen.storyboard */,
			);
			path = Greatschools;
			sourceTree = "<group>";
		};
		E903457C1C8D27A900542F55 /* AppDelegate */ = {
			isa = PBXGroup;
			children = (
				E903456A1C8D26C700542F55 /* AppDelegate.swift */,
				E903457D1C8D27FB00542F55 /* AppDelegate+Appearance.swift */,
				E90345871C8D2A7900542F55 /* AppDelegate+UI.swift */,
			);
			name = AppDelegate;
			sourceTree = "<group>";
		};
		E903457F1C8D281800542F55 /* UI */ = {
			isa = PBXGroup;
			children = (
				E903456E1C8D26C700542F55 /* Home.storyboard */,
				E90345801C8D283500542F55 /* TabBarController.swift */,
				E920742F1C8E8D730029611A /* ViewController.swift */,
				E9483D811C8D428D002656B8 /* GreatKids */,
				E9483D801C8D427F002656B8 /* MySchools */,
				E9483D7F1C8D4274002656B8 /* NearBy */,
				E9483D7E1C8D426A002656B8 /* Search */,
				B5D7A3691C8D512E0092636F /* View */,
			);
			name = UI;
			sourceTree = "<group>";
		};
		E90345821C8D288C00542F55 /* Widgets */ = {
			isa = PBXGroup;
			children = (
				E90345851C8D28CC00542F55 /* Widgets.swift */,
				E94DB2A51C8D85A20030F431 /* Article.xib */,
				E920742D1C8E758D0029611A /* CartoonButton.xib */,
				E92074351C8E995F0029611A /* MileStone.xib */,
				E92074471C8EB8990029611A /* CardScrollView.xib */,
				E98C33831C8EFD4100BE349F /* SearchView.xib */,
				E9BAB0681C901D1600E9CB29 /* DetailHeader.xib */,
				E9BAB06A1C90243500E9CB29 /* CustomSegment.xib */,
				E977A7341C91124B00F8AB75 /* PercentView.xib */,
				E977A73C1C913A7F00F8AB75 /* Card.xib */,
				E977A73E1C913B3700F8AB75 /* CardWithButton.xib */,
			);
			name = Widgets;
			sourceTree = "<group>";
		};
		E90345831C8D289500542F55 /* Extensions */ = {
			isa = PBXGroup;
			children = (
				E90345891C8D2BB800542F55 /* Extensions.swift */,
			);
			name = Extensions;
			sourceTree = "<group>";
		};
		E90345841C8D28A200542F55 /* Model */ = {
			isa = PBXGroup;
			children = (
				B5D7A3741C8D86120092636F /* SchoolInfo.swift */,
				E920743F1C8EA96A0029611A /* AppInfo.swift */,
			);
			name = Model;
			sourceTree = "<group>";
		};
		E903458B1C8D2BFC00542F55 /* Supporting Files */ = {
			isa = PBXGroup;
			children = (
				E90345761C8D26C700542F55 /* Info.plist */,
				E903458C1C8D2C0800542F55 /* Font */,
				E903458D1C8D2C4300542F55 /* Greatschools-Define.swift */,
			);
			name = "Supporting Files";
			sourceTree = "<group>";
		};
		E903458C1C8D2C0800542F55 /* Font */ = {
			isa = PBXGroup;
			children = (
				E92074411C8EB03B0029611A /* ss-standard.ttf */,
				E90345911C8D2D0500542F55 /* ProximaNova-Bold.otf */,
				E90345921C8D2D0500542F55 /* ProximaNova-Light.otf */,
				E90345931C8D2D0500542F55 /* ProximaNova-Regular.otf */,
				E90345941C8D2D0500542F55 /* ProximaNova-Semibold.otf */,
			);
			name = Font;
			sourceTree = "<group>";
		};
		E920744D1C8ED1C60029611A /* Vendor */ = {
			isa = PBXGroup;
			children = (
				E920744F1C8ED1F90029611A /* UIView+Appearance.h */,
				E92074501C8ED1F90029611A /* UIView+Appearance.m */,
				E920744E1C8ED1F90029611A /* Greatschools-Bridging-Header.h */,
			);
			name = Vendor;
			sourceTree = "<group>";
		};
		E9483D7E1C8D426A002656B8 /* Search */ = {
			isa = PBXGroup;
			children = (
				E90345971C8D2FCD00542F55 /* Search.storyboard */,
				B5D7A3701C8D6AB40092636F /* Search.swift */,
				B584CB241C8E6C7C0087A26A /* MapView.swift */,
			);
			name = Search;
			sourceTree = "<group>";
		};
		E9483D7F1C8D4274002656B8 /* NearBy */ = {
			isa = PBXGroup;
			children = (
				E90345951C8D2FBE00542F55 /* NearBy.storyboard */,
				E94DB29F1C8D59D70030F431 /* NearBy.swift */,
				E920742B1C8E6D3F0029611A /* PickSchool.swift */,
				E9BAB0661C90122E00E9CB29 /* SchoolDetails.swift */,
			);
			name = NearBy;
			sourceTree = "<group>";
		};
		E9483D801C8D427F002656B8 /* MySchools */ = {
			isa = PBXGroup;
			children = (
				E90345991C8D2FDB00542F55 /* MySchools.storyboard */,
			);
			name = MySchools;
			sourceTree = "<group>";
		};
		E9483D811C8D428D002656B8 /* GreatKids */ = {
			isa = PBXGroup;
			children = (
				E903459B1C8D2FE800542F55 /* GreatKids.storyboard */,
			);
			name = GreatKids;
			sourceTree = "<group>";
		};
/* End PBXGroup section */

/* Begin PBXNativeTarget section */
		E90345661C8D26C700542F55 /* Greatschools */ = {
			isa = PBXNativeTarget;
			buildConfigurationList = E90345791C8D26C700542F55 /* Build configuration list for PBXNativeTarget "Greatschools" */;
			buildPhases = (
				E726E6D269A1FF3226DEF64E /* Check Pods Manifest.lock */,
				E90345631C8D26C700542F55 /* Sources */,
				E90345641C8D26C700542F55 /* Frameworks */,
				E90345651C8D26C700542F55 /* Resources */,
				1191A58A319BA95E241C2DC6 /* Embed Pods Frameworks */,
				A4B84CA3080D40E8F44AC294 /* Copy Pods Resources */,
			);
			buildRules = (
			);
			dependencies = (
			);
			name = Greatschools;
			productName = Greatschools;
			productReference = E90345671C8D26C700542F55 /* Native.app */;
			productType = "com.apple.product-type.application";
		};
/* End PBXNativeTarget section */

/* Begin PBXProject section */
		E903455F1C8D26C700542F55 /* Project object */ = {
			isa = PBXProject;
			attributes = {
				LastSwiftUpdateCheck = 0720;
				LastUpgradeCheck = 0720;
				ORGANIZATIONNAME = ilabs;
				TargetAttributes = {
					E90345661C8D26C700542F55 = {
						CreatedOnToolsVersion = 7.2.1;
					};
				};
			};
			buildConfigurationList = E90345621C8D26C700542F55 /* Build configuration list for PBXProject "Greatschools" */;
			compatibilityVersion = "Xcode 3.2";
			developmentRegion = English;
			hasScannedForEncodings = 0;
			knownRegions = (
				en,
				Base,
			);
			mainGroup = E903455E1C8D26C700542F55;
			productRefGroup = E90345681C8D26C700542F55 /* Products */;
			projectDirPath = "";
			projectRoot = "";
			targets = (
				E90345661C8D26C700542F55 /* Greatschools */,
			);
		};
/* End PBXProject section */

/* Begin PBXResourcesBuildPhase section */
		E90345651C8D26C700542F55 /* Resources */ = {
			isa = PBXResourcesBuildPhase;
			buildActionMask = 2147483647;
			files = (
				B545A74C1C9010D1006065B4 /* OverviewLocationCell.xib in Resources */,
				E920744C1C8EBD1E0029611A /* CardCell.xib in Resources */,
				E9483D7A1C8D41AE002656B8 /* ProximaNova-Bold.otf in Resources */,
				E9483D7B1C8D41AE002656B8 /* ProximaNova-Light.otf in Resources */,
				B545A7501C901402006065B4 /* OverviewAfterCell.xib in Resources */,
				E9483D7C1C8D41AE002656B8 /* ProximaNova-Regular.otf in Resources */,
				B584CB271C8EC15A0087A26A /* SchoolInfoView.xib in Resources */,
				B545A74A1C900CBF006065B4 /* OverviewEnrolledCell.xib in Resources */,
				B545A7421C8FF869006065B4 /* OverviewRatingCell.xib in Resources */,
				E920742E1C8E758D0029611A /* CartoonButton.xib in Resources */,
				E977A7331C910FAA00F8AB75 /* TestScoreCell.xib in Resources */,
				B545A74E1C901384006065B4 /* OverviewBeforeCell.xib in Resources */,
				E98C33841C8EFD4100BE349F /* SearchView.xib in Resources */,
				B5D7A36B1C8D515D0092636F /* SchoolInfoCell.xib in Resources */,
				E9483D7D1C8D41AE002656B8 /* ProximaNova-Semibold.otf in Resources */,
				E94DB2A61C8D85A20030F431 /* Article.xib in Resources */,
				E92074461C8EB29A0029611A /* SimpleCell.xib in Resources */,
				E90345751C8D26C700542F55 /* LaunchScreen.storyboard in Resources */,
				B545A7561C901982006065B4 /* ReviewCell.xib in Resources */,
				E903459C1C8D2FE800542F55 /* GreatKids.storyboard in Resources */,
				E977A7391C9121E600F8AB75 /* DescriptionCell.xib in Resources */,
				E977A7411C9145D100F8AB75 /* HomesCell.xib in Resources */,
				E977A73F1C913B3700F8AB75 /* CardWithButton.xib in Resources */,
				E90345721C8D26C700542F55 /* Assets.xcassets in Resources */,
				E977A73D1C913A7F00F8AB75 /* Card.xib in Resources */,
				E903459A1C8D2FDB00542F55 /* MySchools.storyboard in Resources */,
				B5D7A36D1C8D53C20092636F /* Stars.xib in Resources */,
				E92074381C8EA2C10029611A /* MileStoneCell.xib in Resources */,
				E9BAB06B1C90243500E9CB29 /* CustomSegment.xib in Resources */,
				E90345701C8D26C700542F55 /* Home.storyboard in Resources */,
				E92074321C8E933E0029611A /* PickSchoolHeader.xib in Resources */,
				E92074421C8EB03B0029611A /* ss-standard.ttf in Resources */,
				E90345961C8D2FBE00542F55 /* NearBy.storyboard in Resources */,
				B545A7531C901547006065B4 /* StatsDetailsCell.xib in Resources */,
				E92074361C8E995F0029611A /* MileStone.xib in Resources */,
				E977A7351C91124B00F8AB75 /* PercentView.xib in Resources */,
				E92074481C8EB8990029611A /* CardScrollView.xib in Resources */,
				B545A7461C8FFFA2006065B4 /* OverviewReviewCell.xib in Resources */,
				E9BAB0691C901D1600E9CB29 /* DetailHeader.xib in Resources */,
				E920743E1C8EA78E0029611A /* AppCell.xib in Resources */,
				E90345981C8D2FCD00542F55 /* Search.storyboard in Resources */,
			);
			runOnlyForDeploymentPostprocessing = 0;
		};
/* End PBXResourcesBuildPhase section */

/* Begin PBXShellScriptBuildPhase section */
		1191A58A319BA95E241C2DC6 /* Embed Pods Frameworks */ = {
			isa = PBXShellScriptBuildPhase;
			buildActionMask = 2147483647;
			files = (
			);
			inputPaths = (
			);
			name = "Embed Pods Frameworks";
			outputPaths = (
			);
			runOnlyForDeploymentPostprocessing = 0;
			shellPath = /bin/sh;
			shellScript = "\"${SRCROOT}/Pods/Target Support Files/Pods/Pods-frameworks.sh\"\n";
			showEnvVarsInLog = 0;
		};
		A4B84CA3080D40E8F44AC294 /* Copy Pods Resources */ = {
			isa = PBXShellScriptBuildPhase;
			buildActionMask = 2147483647;
			files = (
			);
			inputPaths = (
			);
			name = "Copy Pods Resources";
			outputPaths = (
			);
			runOnlyForDeploymentPostprocessing = 0;
			shellPath = /bin/sh;
			shellScript = "\"${SRCROOT}/Pods/Target Support Files/Pods/Pods-resources.sh\"\n";
			showEnvVarsInLog = 0;
		};
		E726E6D269A1FF3226DEF64E /* Check Pods Manifest.lock */ = {
			isa = PBXShellScriptBuildPhase;
			buildActionMask = 2147483647;
			files = (
			);
			inputPaths = (
			);
			name = "Check Pods Manifest.lock";
			outputPaths = (
			);
			runOnlyForDeploymentPostprocessing = 0;
			shellPath = /bin/sh;
			shellScript = "diff \"${PODS_ROOT}/../Podfile.lock\" \"${PODS_ROOT}/Manifest.lock\" > /dev/null\nif [[ $? != 0 ]] ; then\n    cat << EOM\nerror: The sandbox is not in sync with the Podfile.lock. Run 'pod install' or update your CocoaPods installation.\nEOM\n    exit 1\nfi\n";
			showEnvVarsInLog = 0;
		};
/* End PBXShellScriptBuildPhase section */

/* Begin PBXSourcesBuildPhase section */
		E90345631C8D26C700542F55 /* Sources */ = {
			isa = PBXSourcesBuildPhase;
			buildActionMask = 2147483647;
			files = (
				E92074301C8E8D730029611A /* ViewController.swift in Sources */,
				E977A73B1C9122F900F8AB75 /* DescriptionCell.swift in Sources */,
				B5D7A3711C8D6AB40092636F /* Search.swift in Sources */,
				B584CB251C8E6C7C0087A26A /* MapView.swift in Sources */,
				E92074401C8EA96A0029611A /* AppInfo.swift in Sources */,
				B5873C601C906A8A004A9224 /* ReviewCell.swift in Sources */,
				E977A7431C91460900F8AB75 /* HomesCell.swift in Sources */,
				B5D7A3731C8D6EF30092636F /* SchoolInfoCell.swift in Sources */,
				E903457E1C8D27FB00542F55 /* AppDelegate+Appearance.swift in Sources */,
				E92074511C8ED1F90029611A /* UIView+Appearance.m in Sources */,
				B5873C5E1C904E89004A9224 /* OverView.swift in Sources */,
				B5873C621C906E61004A9224 /* Review.swift in Sources */,
				E903458A1C8D2BB800542F55 /* Extensions.swift in Sources */,
				E920742C1C8E6D3F0029611A /* PickSchool.swift in Sources */,
				E90345881C8D2A7900542F55 /* AppDelegate+UI.swift in Sources */,
				E92074441C8EB27C0029611A /* SimpleCell.swift in Sources */,
				B5D7A3751C8D86120092636F /* SchoolInfo.swift in Sources */,
				E9BAB0671C90122E00E9CB29 /* SchoolDetails.swift in Sources */,
				B545A7581C901F63006065B4 /* OverviewCell.swift in Sources */,
				E92074341C8E93FA0029611A /* PickSchoolHeader.swift in Sources */,
				B5D7A36F1C8D57340092636F /* Stars.swift in Sources */,
				E903456B1C8D26C700542F55 /* AppDelegate.swift in Sources */,
				E920744A1C8EBCFD0029611A /* CardCell.swift in Sources */,
				E90345811C8D283500542F55 /* TabBarController.swift in Sources */,
				E94DB2A01C8D59D70030F431 /* NearBy.swift in Sources */,
				E903458E1C8D2C4300542F55 /* Greatschools-Define.swift in Sources */,
				E920743C1C8EA77F0029611A /* AppCell.swift in Sources */,
				E98991ED1C90599E00763BBB /* StatsDetailsCell.swift in Sources */,
				E977A7371C911FB300F8AB75 /* TestScoreCell.swift in Sources */,
				E90345861C8D28CC00542F55 /* Widgets.swift in Sources */,
				B584CB291C8EC2A40087A26A /* SchoolInfoView.swift in Sources */,
				E920743A1C8EA2E40029611A /* MileStoneCell.swift in Sources */,
			);
			runOnlyForDeploymentPostprocessing = 0;
		};
/* End PBXSourcesBuildPhase section */

/* Begin PBXVariantGroup section */
		E903456E1C8D26C700542F55 /* Home.storyboard */ = {
			isa = PBXVariantGroup;
			children = (
				E903456F1C8D26C700542F55 /* Base */,
			);
			name = Home.storyboard;
			sourceTree = "<group>";
		};
		E90345731C8D26C700542F55 /* LaunchScreen.storyboard */ = {
			isa = PBXVariantGroup;
			children = (
				E90345741C8D26C700542F55 /* Base */,
			);
			name = LaunchScreen.storyboard;
			sourceTree = "<group>";
		};
/* End PBXVariantGroup section */

/* Begin XCBuildConfiguration section */
		E90345771C8D26C700542F55 /* Debug */ = {
			isa = XCBuildConfiguration;
			buildSettings = {
				ALWAYS_SEARCH_USER_PATHS = NO;
				CLANG_CXX_LANGUAGE_STANDARD = "gnu++0x";
				CLANG_CXX_LIBRARY = "libc++";
				CLANG_ENABLE_MODULES = YES;
				CLANG_ENABLE_OBJC_ARC = YES;
				CLANG_WARN_BOOL_CONVERSION = YES;
				CLANG_WARN_CONSTANT_CONVERSION = YES;
				CLANG_WARN_DIRECT_OBJC_ISA_USAGE = YES_ERROR;
				CLANG_WARN_EMPTY_BODY = YES;
				CLANG_WARN_ENUM_CONVERSION = YES;
				CLANG_WARN_INT_CONVERSION = YES;
				CLANG_WARN_OBJC_ROOT_CLASS = YES_ERROR;
				CLANG_WARN_UNREACHABLE_CODE = YES;
				CLANG_WARN__DUPLICATE_METHOD_MATCH = YES;
				"CODE_SIGN_IDENTITY[sdk=iphoneos*]" = "iPhone Developer";
				COPY_PHASE_STRIP = NO;
				DEBUG_INFORMATION_FORMAT = dwarf;
				ENABLE_STRICT_OBJC_MSGSEND = YES;
				ENABLE_TESTABILITY = YES;
				GCC_C_LANGUAGE_STANDARD = gnu99;
				GCC_DYNAMIC_NO_PIC = NO;
				GCC_NO_COMMON_BLOCKS = YES;
				GCC_OPTIMIZATION_LEVEL = 0;
				GCC_PREPROCESSOR_DEFINITIONS = (
					"DEBUG=1",
					"$(inherited)",
				);
				GCC_WARN_64_TO_32_BIT_CONVERSION = YES;
				GCC_WARN_ABOUT_RETURN_TYPE = YES_ERROR;
				GCC_WARN_UNDECLARED_SELECTOR = YES;
				GCC_WARN_UNINITIALIZED_AUTOS = YES_AGGRESSIVE;
				GCC_WARN_UNUSED_FUNCTION = YES;
				GCC_WARN_UNUSED_VARIABLE = YES;
				IPHONEOS_DEPLOYMENT_TARGET = 9.2;
				MTL_ENABLE_DEBUG_INFO = YES;
				ONLY_ACTIVE_ARCH = YES;
				SDKROOT = iphoneos;
				SWIFT_OPTIMIZATION_LEVEL = "-Onone";
			};
			name = Debug;
		};
		E90345781C8D26C700542F55 /* Release */ = {
			isa = XCBuildConfiguration;
			buildSettings = {
				ALWAYS_SEARCH_USER_PATHS = NO;
				CLANG_CXX_LANGUAGE_STANDARD = "gnu++0x";
				CLANG_CXX_LIBRARY = "libc++";
				CLANG_ENABLE_MODULES = YES;
				CLANG_ENABLE_OBJC_ARC = YES;
				CLANG_WARN_BOOL_CONVERSION = YES;
				CLANG_WARN_CONSTANT_CONVERSION = YES;
				CLANG_WARN_DIRECT_OBJC_ISA_USAGE = YES_ERROR;
				CLANG_WARN_EMPTY_BODY = YES;
				CLANG_WARN_ENUM_CONVERSION = YES;
				CLANG_WARN_INT_CONVERSION = YES;
				CLANG_WARN_OBJC_ROOT_CLASS = YES_ERROR;
				CLANG_WARN_UNREACHABLE_CODE = YES;
				CLANG_WARN__DUPLICATE_METHOD_MATCH = YES;
				"CODE_SIGN_IDENTITY[sdk=iphoneos*]" = "iPhone Developer";
				COPY_PHASE_STRIP = NO;
				DEBUG_INFORMATION_FORMAT = "dwarf-with-dsym";
				ENABLE_NS_ASSERTIONS = NO;
				ENABLE_STRICT_OBJC_MSGSEND = YES;
				GCC_C_LANGUAGE_STANDARD = gnu99;
				GCC_NO_COMMON_BLOCKS = YES;
				GCC_WARN_64_TO_32_BIT_CONVERSION = YES;
				GCC_WARN_ABOUT_RETURN_TYPE = YES_ERROR;
				GCC_WARN_UNDECLARED_SELECTOR = YES;
				GCC_WARN_UNINITIALIZED_AUTOS = YES_AGGRESSIVE;
				GCC_WARN_UNUSED_FUNCTION = YES;
				GCC_WARN_UNUSED_VARIABLE = YES;
				IPHONEOS_DEPLOYMENT_TARGET = 9.2;
				MTL_ENABLE_DEBUG_INFO = NO;
				SDKROOT = iphoneos;
				VALIDATE_PRODUCT = YES;
			};
			name = Release;
		};
		E903457A1C8D26C700542F55 /* Debug */ = {
			isa = XCBuildConfiguration;
			baseConfigurationReference = CAEA027565171A5336A7BFAA /* Pods.debug.xcconfig */;
			buildSettings = {
				ASSETCATALOG_COMPILER_APPICON_NAME = AppIcon;
				CLANG_ENABLE_MODULES = YES;
				INFOPLIST_FILE = Greatschools/Info.plist;
				IPHONEOS_DEPLOYMENT_TARGET = 8.0;
				LD_RUNPATH_SEARCH_PATHS = "$(inherited) @executable_path/Frameworks";
				PRODUCT_BUNDLE_IDENTIFIER = com.ilabs.Greatschools;
				PRODUCT_NAME = Native;
				SWIFT_OBJC_BRIDGING_HEADER = "Greatschools/Greatschools-Bridging-Header.h";
				SWIFT_OPTIMIZATION_LEVEL = "-Onone";
			};
			name = Debug;
		};
		E903457B1C8D26C700542F55 /* Release */ = {
			isa = XCBuildConfiguration;
			baseConfigurationReference = A6DF5E269111C9550B6A452F /* Pods.release.xcconfig */;
			buildSettings = {
				ASSETCATALOG_COMPILER_APPICON_NAME = AppIcon;
				CLANG_ENABLE_MODULES = YES;
				INFOPLIST_FILE = Greatschools/Info.plist;
				IPHONEOS_DEPLOYMENT_TARGET = 8.0;
				LD_RUNPATH_SEARCH_PATHS = "$(inherited) @executable_path/Frameworks";
				PRODUCT_BUNDLE_IDENTIFIER = com.ilabs.Greatschools;
				PRODUCT_NAME = Native;
				SWIFT_OBJC_BRIDGING_HEADER = "Greatschools/Greatschools-Bridging-Header.h";
			};
			name = Release;
		};
/* End XCBuildConfiguration section */

/* Begin XCConfigurationList section */
		E90345621C8D26C700542F55 /* Build configuration list for PBXProject "Greatschools" */ = {
			isa = XCConfigurationList;
			buildConfigurations = (
				E90345771C8D26C700542F55 /* Debug */,
				E90345781C8D26C700542F55 /* Release */,
			);
			defaultConfigurationIsVisible = 0;
			defaultConfigurationName = Release;
		};
		E90345791C8D26C700542F55 /* Build configuration list for PBXNativeTarget "Greatschools" */ = {
			isa = XCConfigurationList;
			buildConfigurations = (
				E903457A1C8D26C700542F55 /* Debug */,
				E903457B1C8D26C700542F55 /* Release */,
			);
			defaultConfigurationIsVisible = 0;
			defaultConfigurationName = Release;
		};
/* End XCConfigurationList section */
	};
	rootObject = E903455F1C8D26C700542F55 /* Project object */;
}
